
Microsoft Visual Studio Solution File, Format Version 12.00
# Visual Studio Version 17
VisualStudioVersion = 17.1.32421.90
MinimumVisualStudioVersion = 10.0.40219.1
Project("{9A19103F-16F7-4668-BE54-9A1E7A4F7556}") = "PDelegate", "PDelegate\PDelegate.csproj", "{DD042628-A220-46DE-B199-92EAE0FA1031}"
EndProject
Project("{9A19103F-16F7-4668-BE54-9A1E7A4F7556}") = "POverrideOverload", "POverrideOverload\POverrideOverload.csproj", "{FADCEEF5-C5FE-46E1-A9A2-21CE772BA999}"
EndProject
Project("{9A19103F-16F7-4668-BE54-9A1E7A4F7556}") = "PInterface", "PInterface\PInterface.csproj", "{0B5D13DE-CF13-453C-91CD-5B4568333E7A}"
EndProject
Project("{9A19103F-16F7-4668-BE54-9A1E7A4F7556}") = "PAsync", "PAsync\PAsync.csproj", "{35620FAD-3E62-49EB-A604-6991A5B5A4D0}"
EndProject
Project("{9A19103F-16F7-4668-BE54-9A1E7A4F7556}") = "PVariable", "PVariable\PVariable.csproj", "{5F7629F3-963C-40C4-89CC-B9F5DCDB61AE}"
EndProject
Project("{9A19103F-16F7-4668-BE54-9A1E7A4F7556}") = "PScope", "PScope\PScope.csproj", "{3149587B-86AA-4758-BC1C-B1EF22CF0FE2}"
EndProject
Project("{9A19103F-16F7-4668-BE54-9A1E7A4F7556}") = "PLinq", "PLinq\PLinq.csproj", "{11B7A7E4-AE25-42B3-BB52-375F36EB7D69}"
EndProject
Project("{9A19103F-16F7-4668-BE54-9A1E7A4F7556}") = "PEvent", "PEvent\PEvent.csproj", "{96ECAD09-AC6B-409D-924B-4AD46E25AB0F}"
EndProject
Project("{9A19103F-16F7-4668-BE54-9A1E7A4F7556}") = "PGeneric", "PGeneric\PGeneric.csproj", "{0F95A191-EE61-49F1-857C-8CB3B98BDC51}"
EndProject
Project("{9A19103F-16F7-4668-BE54-9A1E7A4F7556}") = "PTernaryOperator", "PTernaryOperator\PTernaryOperator.csproj", "{A8765224-42E7-4C9F-A472-90EDB3F393B6}"
EndProject
Project("{9A19103F-16F7-4668-BE54-9A1E7A4F7556}") = "PMemory", "PMemory\PMemory.csproj", "{C74CC832-D61E-4C43-9A39-A10C640B0A2A}"
EndProject
Project("{9A19103F-16F7-4668-BE54-9A1E7A4F7556}") = "PCallback", "PCallback\PCallback.csproj", "{5C0F4BB4-6B17-4925-BD3E-62E30C9F997E}"
EndProject
Project("{9A19103F-16F7-4668-BE54-9A1E7A4F7556}") = "PLoop", "PLoop\PLoop.csproj", "{4012125B-994B-4311-96BD-69CBE4E2ED73}"
EndProject
Project("{9A19103F-16F7-4668-BE54-9A1E7A4F7556}") = "PConditional", "PConditional\PConditional.csproj", "{900F9C2C-A3E7-45A6-AF91-EFCF8A8B9B08}"
EndProject
Project("{9A19103F-16F7-4668-BE54-9A1E7A4F7556}") = "PEnum", "PENUM\PEnum.csproj", "{6B4CA11E-8B93-45A2-AEF1-6112BDF2D0BE}"
EndProject
Project("{9A19103F-16F7-4668-BE54-9A1E7A4F7556}") = "PRegularExpression", "PRegularExpression\PRegularExpression.csproj", "{30B1A962-46C8-4F0D-AFED-941EB9ECB9E9}"
EndProject
Project("{9A19103F-16F7-4668-BE54-9A1E7A4F7556}") = "PRefValType", "PRefValType\PRefValType.csproj", "{8BCFEF1B-0343-435E-823F-A9C9A0D11BC3}"
EndProject
Project("{9A19103F-16F7-4668-BE54-9A1E7A4F7556}") = "PCollections", "PCollections\PCollections.csproj", "{686495CF-CD88-4466-86F1-C22294CB556A}"
EndProject
Project("{2150E333-8FDC-42A3-9474-1A3956D46DE8}") = "C-SHARP", "C-SHARP", "{C00679E0-4E41-40AF-8FD2-970EB280C5BF}"
EndProject
Global
	GlobalSection(SolutionConfigurationPlatforms) = preSolution
		Debug|Any CPU = Debug|Any CPU
		Release|Any CPU = Release|Any CPU
	EndGlobalSection
	GlobalSection(ProjectConfigurationPlatforms) = postSolution
		{DD042628-A220-46DE-B199-92EAE0FA1031}.Debug|Any CPU.ActiveCfg = Debug|Any CPU
		{DD042628-A220-46DE-B199-92EAE0FA1031}.Debug|Any CPU.Build.0 = Debug|Any CPU
		{DD042628-A220-46DE-B199-92EAE0FA1031}.Release|Any CPU.ActiveCfg = Release|Any CPU
		{DD042628-A220-46DE-B199-92EAE0FA1031}.Release|Any CPU.Build.0 = Release|Any CPU
		{FADCEEF5-C5FE-46E1-A9A2-21CE772BA999}.Debug|Any CPU.ActiveCfg = Debug|Any CPU
		{FADCEEF5-C5FE-46E1-A9A2-21CE772BA999}.Debug|Any CPU.Build.0 = Debug|Any CPU
		{FADCEEF5-C5FE-46E1-A9A2-21CE772BA999}.Release|Any CPU.ActiveCfg = Release|Any CPU
		{FADCEEF5-C5FE-46E1-A9A2-21CE772BA999}.Release|Any CPU.Build.0 = Release|Any CPU
		{0B5D13DE-CF13-453C-91CD-5B4568333E7A}.Debug|Any CPU.ActiveCfg = Debug|Any CPU
		{0B5D13DE-CF13-453C-91CD-5B4568333E7A}.Debug|Any CPU.Build.0 = Debug|Any CPU
		{0B5D13DE-CF13-453C-91CD-5B4568333E7A}.Release|Any CPU.ActiveCfg = Release|Any CPU
		{0B5D13DE-CF13-453C-91CD-5B4568333E7A}.Release|Any CPU.Build.0 = Release|Any CPU
		{35620FAD-3E62-49EB-A604-6991A5B5A4D0}.Debug|Any CPU.ActiveCfg = Debug|Any CPU
		{35620FAD-3E62-49EB-A604-6991A5B5A4D0}.Debug|Any CPU.Build.0 = Debug|Any CPU
		{35620FAD-3E62-49EB-A604-6991A5B5A4D0}.Release|Any CPU.ActiveCfg = Release|Any CPU
		{35620FAD-3E62-49EB-A604-6991A5B5A4D0}.Release|Any CPU.Build.0 = Release|Any CPU
		{5F7629F3-963C-40C4-89CC-B9F5DCDB61AE}.Debug|Any CPU.ActiveCfg = Debug|Any CPU
		{5F7629F3-963C-40C4-89CC-B9F5DCDB61AE}.Debug|Any CPU.Build.0 = Debug|Any CPU
		{5F7629F3-963C-40C4-89CC-B9F5DCDB61AE}.Release|Any CPU.ActiveCfg = Release|Any CPU
		{5F7629F3-963C-40C4-89CC-B9F5DCDB61AE}.Release|Any CPU.Build.0 = Release|Any CPU
		{3149587B-86AA-4758-BC1C-B1EF22CF0FE2}.Debug|Any CPU.ActiveCfg = Debug|Any CPU
		{3149587B-86AA-4758-BC1C-B1EF22CF0FE2}.Debug|Any CPU.Build.0 = Debug|Any CPU
		{3149587B-86AA-4758-BC1C-B1EF22CF0FE2}.Release|Any CPU.ActiveCfg = Release|Any CPU
		{3149587B-86AA-4758-BC1C-B1EF22CF0FE2}.Release|Any CPU.Build.0 = Release|Any CPU
		{11B7A7E4-AE25-42B3-BB52-375F36EB7D69}.Debug|Any CPU.ActiveCfg = Debug|Any CPU
		{11B7A7E4-AE25-42B3-BB52-375F36EB7D69}.Debug|Any CPU.Build.0 = Debug|Any CPU
		{11B7A7E4-AE25-42B3-BB52-375F36EB7D69}.Release|Any CPU.ActiveCfg = Release|Any CPU
		{11B7A7E4-AE25-42B3-BB52-375F36EB7D69}.Release|Any CPU.Build.0 = Release|Any CPU
		{96ECAD09-AC6B-409D-924B-4AD46E25AB0F}.Debug|Any CPU.ActiveCfg = Debug|Any CPU
		{96ECAD09-AC6B-409D-924B-4AD46E25AB0F}.Debug|Any CPU.Build.0 = Debug|Any CPU
		{96ECAD09-AC6B-409D-924B-4AD46E25AB0F}.Release|Any CPU.ActiveCfg = Release|Any CPU
		{96ECAD09-AC6B-409D-924B-4AD46E25AB0F}.Release|Any CPU.Build.0 = Release|Any CPU
		{0F95A191-EE61-49F1-857C-8CB3B98BDC51}.Debug|Any CPU.ActiveCfg = Debug|Any CPU
		{0F95A191-EE61-49F1-857C-8CB3B98BDC51}.Debug|Any CPU.Build.0 = Debug|Any CPU
		{0F95A191-EE61-49F1-857C-8CB3B98BDC51}.Release|Any CPU.ActiveCfg = Release|Any CPU
		{0F95A191-EE61-49F1-857C-8CB3B98BDC51}.Release|Any CPU.Build.0 = Release|Any CPU
		{A8765224-42E7-4C9F-A472-90EDB3F393B6}.Debug|Any CPU.ActiveCfg = Debug|Any CPU
		{A8765224-42E7-4C9F-A472-90EDB3F393B6}.Debug|Any CPU.Build.0 = Debug|Any CPU
		{A8765224-42E7-4C9F-A472-90EDB3F393B6}.Release|Any CPU.ActiveCfg = Release|Any CPU
		{A8765224-42E7-4C9F-A472-90EDB3F393B6}.Release|Any CPU.Build.0 = Release|Any CPU
		{C74CC832-D61E-4C43-9A39-A10C640B0A2A}.Debug|Any CPU.ActiveCfg = Debug|Any CPU
		{C74CC832-D61E-4C43-9A39-A10C640B0A2A}.Debug|Any CPU.Build.0 = Debug|Any CPU
		{C74CC832-D61E-4C43-9A39-A10C640B0A2A}.Release|Any CPU.ActiveCfg = Release|Any CPU
		{C74CC832-D61E-4C43-9A39-A10C640B0A2A}.Release|Any CPU.Build.0 = Release|Any CPU
		{5C0F4BB4-6B17-4925-BD3E-62E30C9F997E}.Debug|Any CPU.ActiveCfg = Debug|Any CPU
		{5C0F4BB4-6B17-4925-BD3E-62E30C9F997E}.Debug|Any CPU.Build.0 = Debug|Any CPU
		{5C0F4BB4-6B17-4925-BD3E-62E30C9F997E}.Release|Any CPU.ActiveCfg = Release|Any CPU
		{5C0F4BB4-6B17-4925-BD3E-62E30C9F997E}.Release|Any CPU.Build.0 = Release|Any CPU
		{4012125B-994B-4311-96BD-69CBE4E2ED73}.Debug|Any CPU.ActiveCfg = Debug|Any CPU
		{4012125B-994B-4311-96BD-69CBE4E2ED73}.Debug|Any CPU.Build.0 = Debug|Any CPU
		{4012125B-994B-4311-96BD-69CBE4E2ED73}.Release|Any CPU.ActiveCfg = Release|Any CPU
		{4012125B-994B-4311-96BD-69CBE4E2ED73}.Release|Any CPU.Build.0 = Release|Any CPU
		{900F9C2C-A3E7-45A6-AF91-EFCF8A8B9B08}.Debug|Any CPU.ActiveCfg = Debug|Any CPU
		{900F9C2C-A3E7-45A6-AF91-EFCF8A8B9B08}.Debug|Any CPU.Build.0 = Debug|Any CPU
		{900F9C2C-A3E7-45A6-AF91-EFCF8A8B9B08}.Release|Any CPU.ActiveCfg = Release|Any CPU
		{900F9C2C-A3E7-45A6-AF91-EFCF8A8B9B08}.Release|Any CPU.Build.0 = Release|Any CPU
		{6B4CA11E-8B93-45A2-AEF1-6112BDF2D0BE}.Debug|Any CPU.ActiveCfg = Debug|Any CPU
		{6B4CA11E-8B93-45A2-AEF1-6112BDF2D0BE}.Debug|Any CPU.Build.0 = Debug|Any CPU
		{6B4CA11E-8B93-45A2-AEF1-6112BDF2D0BE}.Release|Any CPU.ActiveCfg = Release|Any CPU
		{6B4CA11E-8B93-45A2-AEF1-6112BDF2D0BE}.Release|Any CPU.Build.0 = Release|Any CPU
		{30B1A962-46C8-4F0D-AFED-941EB9ECB9E9}.Debug|Any CPU.ActiveCfg = Debug|Any CPU
		{30B1A962-46C8-4F0D-AFED-941EB9ECB9E9}.Debug|Any CPU.Build.0 = Debug|Any CPU
		{30B1A962-46C8-4F0D-AFED-941EB9ECB9E9}.Release|Any CPU.ActiveCfg = Release|Any CPU
		{30B1A962-46C8-4F0D-AFED-941EB9ECB9E9}.Release|Any CPU.Build.0 = Release|Any CPU
		{8BCFEF1B-0343-435E-823F-A9C9A0D11BC3}.Debug|Any CPU.ActiveCfg = Debug|Any CPU
		{8BCFEF1B-0343-435E-823F-A9C9A0D11BC3}.Debug|Any CPU.Build.0 = Debug|Any CPU
		{8BCFEF1B-0343-435E-823F-A9C9A0D11BC3}.Release|Any CPU.ActiveCfg = Release|Any CPU
		{8BCFEF1B-0343-435E-823F-A9C9A0D11BC3}.Release|Any CPU.Build.0 = Release|Any CPU
		{686495CF-CD88-4466-86F1-C22294CB556A}.Debug|Any CPU.ActiveCfg = Debug|Any CPU
		{686495CF-CD88-4466-86F1-C22294CB556A}.Debug|Any CPU.Build.0 = Debug|Any CPU
		{686495CF-CD88-4466-86F1-C22294CB556A}.Release|Any CPU.ActiveCfg = Release|Any CPU
		{686495CF-CD88-4466-86F1-C22294CB556A}.Release|Any CPU.Build.0 = Release|Any CPU
	EndGlobalSection
	GlobalSection(SolutionProperties) = preSolution
		HideSolutionNode = FALSE
	EndGlobalSection
	GlobalSection(NestedProjects) = preSolution
		{DD042628-A220-46DE-B199-92EAE0FA1031} = {C00679E0-4E41-40AF-8FD2-970EB280C5BF}
		{FADCEEF5-C5FE-46E1-A9A2-21CE772BA999} = {C00679E0-4E41-40AF-8FD2-970EB280C5BF}
		{0B5D13DE-CF13-453C-91CD-5B4568333E7A} = {C00679E0-4E41-40AF-8FD2-970EB280C5BF}
		{35620FAD-3E62-49EB-A604-6991A5B5A4D0} = {C00679E0-4E41-40AF-8FD2-970EB280C5BF}
		{5F7629F3-963C-40C4-89CC-B9F5DCDB61AE} = {C00679E0-4E41-40AF-8FD2-970EB280C5BF}
		{3149587B-86AA-4758-BC1C-B1EF22CF0FE2} = {C00679E0-4E41-40AF-8FD2-970EB280C5BF}
		{11B7A7E4-AE25-42B3-BB52-375F36EB7D69} = {C00679E0-4E41-40AF-8FD2-970EB280C5BF}
		{96ECAD09-AC6B-409D-924B-4AD46E25AB0F} = {C00679E0-4E41-40AF-8FD2-970EB280C5BF}
		{0F95A191-EE61-49F1-857C-8CB3B98BDC51} = {C00679E0-4E41-40AF-8FD2-970EB280C5BF}
		{A8765224-42E7-4C9F-A472-90EDB3F393B6} = {C00679E0-4E41-40AF-8FD2-970EB280C5BF}
		{C74CC832-D61E-4C43-9A39-A10C640B0A2A} = {C00679E0-4E41-40AF-8FD2-970EB280C5BF}
		{5C0F4BB4-6B17-4925-BD3E-62E30C9F997E} = {C00679E0-4E41-40AF-8FD2-970EB280C5BF}
		{4012125B-994B-4311-96BD-69CBE4E2ED73} = {C00679E0-4E41-40AF-8FD2-970EB280C5BF}
		{900F9C2C-A3E7-45A6-AF91-EFCF8A8B9B08} = {C00679E0-4E41-40AF-8FD2-970EB280C5BF}
		{6B4CA11E-8B93-45A2-AEF1-6112BDF2D0BE} = {C00679E0-4E41-40AF-8FD2-970EB280C5BF}
		{30B1A962-46C8-4F0D-AFED-941EB9ECB9E9} = {C00679E0-4E41-40AF-8FD2-970EB280C5BF}
		{8BCFEF1B-0343-435E-823F-A9C9A0D11BC3} = {C00679E0-4E41-40AF-8FD2-970EB280C5BF}
		{686495CF-CD88-4466-86F1-C22294CB556A} = {C00679E0-4E41-40AF-8FD2-970EB280C5BF}
	EndGlobalSection
	GlobalSection(ExtensibilityGlobals) = postSolution
		SolutionGuid = {3DF7EAAF-1C88-4C0F-BDF7-700843220FC4}
	EndGlobalSection
EndGlobal
